
Microsoft Visual Studio Solution File, Format Version 11.00
# Visual Studio 2010
Project("{FAE04EC0-301F-11D3-BF4B-00C04F79EFBC}") = "Assembly-CSharp", "Assembly-CSharp.csproj", "{e6ce9206-40ae-3f95-768d-59566c713fff}"
EndProject
Project("{FAE04EC0-301F-11D3-BF4B-00C04F79EFBC}") = "Assembly-CSharp-Editor", "Assembly-CSharp-Editor.csproj", "{48656574-9132-c640-b547-e28f63dca082}"
EndProject
Global
	GlobalSection(SolutionConfigurationPlatforms) = preSolution
		Debug|Any CPU = Debug|Any CPU
	EndGlobalSection
	GlobalSection(ProjectConfigurationPlatforms) = postSolution
		{e6ce9206-40ae-3f95-768d-59566c713fff}.Debug|Any CPU.ActiveCfg = Debug|Any CPU
		{e6ce9206-40ae-3f95-768d-59566c713fff}.Debug|Any CPU.Build.0 = Debug|Any CPU
		{48656574-9132-c640-b547-e28f63dca082}.Debug|Any CPU.ActiveCfg = Debug|Any CPU
		{48656574-9132-c640-b547-e28f63dca082}.Debug|Any CPU.Build.0 = Debug|Any CPU
	EndGlobalSection
	GlobalSection(SolutionProperties) = preSolution
		HideSolutionNode = FALSE
	EndGlobalSection
EndGlobal
